{
    "version": 3,
    "terraform_version": "0.11.3",
    "serial": 175,
    "lineage": "e9193ff6-f41d-4d33-ad36-2f25f310edc2",
    "modules": [
        {
            "path": [
                "root"
            ],
            "outputs": {
                "base_url": {
                    "sensitive": false,
                    "type": "string",
                    "value": "https://marlvzzwrb.execute-api.us-west-2.amazonaws.com/test"
                }
            },
            "resources": {
                "aws_api_gateway_deployment.rikishis": {
                    "type": "aws_api_gateway_deployment",
                    "depends_on": [
                        "aws_api_gateway_integration.extract-info",
                        "aws_api_gateway_rest_api.rikishis"
                    ],
                    "primary": {
                        "id": "yehiag",
                        "attributes": {
                            "created_date": "2018-03-10T13:52:46Z",
                            "description": "",
                            "execution_arn": "arn:aws:execute-api:us-west-2:424590257573:marlvzzwrb/test",
                            "id": "yehiag",
                            "invoke_url": "https://marlvzzwrb.execute-api.us-west-2.amazonaws.com/test",
                            "rest_api_id": "marlvzzwrb",
                            "stage_name": "test"
                        },
                        "meta": {},
                        "tainted": false
                    },
                    "deposed": [],
                    "provider": "provider.aws"
                },
                "aws_api_gateway_integration.extract-info": {
                    "type": "aws_api_gateway_integration",
                    "depends_on": [
                        "aws_api_gateway_method.extract-info",
                        "aws_api_gateway_rest_api.rikishis",
                        "aws_lambda_function.extract-info-get"
                    ],
                    "primary": {
                        "id": "agi-marlvzzwrb-orvc93-GET",
                        "attributes": {
                            "cache_key_parameters.#": "0",
                            "cache_namespace": "orvc93",
                            "http_method": "GET",
                            "id": "agi-marlvzzwrb-orvc93-GET",
                            "integration_http_method": "POST",
                            "passthrough_behavior": "WHEN_NO_MATCH",
                            "request_parameters.%": "0",
                            "request_templates.%": "0",
                            "resource_id": "orvc93",
                            "rest_api_id": "marlvzzwrb",
                            "type": "AWS_PROXY",
                            "uri": "arn:aws:apigateway:us-west-2:lambda:path/2015-03-31/functions/arn:aws:lambda:us-west-2:424590257573:function:extract-info-get/invocations"
                        },
                        "meta": {},
                        "tainted": false
                    },
                    "deposed": [],
                    "provider": "provider.aws"
                },
                "aws_api_gateway_integration.rikishis": {
                    "type": "aws_api_gateway_integration",
                    "depends_on": [
                        "aws_api_gateway_method.rikishis",
                        "aws_api_gateway_rest_api.rikishis",
                        "aws_lambda_function.rikishis-get"
                    ],
                    "primary": {
                        "id": "agi-marlvzzwrb-jwk92v-GET",
                        "attributes": {
                            "cache_key_parameters.#": "0",
                            "cache_namespace": "jwk92v",
                            "http_method": "GET",
                            "id": "agi-marlvzzwrb-jwk92v-GET",
                            "integration_http_method": "POST",
                            "passthrough_behavior": "WHEN_NO_MATCH",
                            "request_parameters.%": "0",
                            "request_templates.%": "0",
                            "resource_id": "jwk92v",
                            "rest_api_id": "marlvzzwrb",
                            "type": "AWS_PROXY",
                            "uri": "arn:aws:apigateway:us-west-2:lambda:path/2015-03-31/functions/arn:aws:lambda:us-west-2:424590257573:function:rikishis-get/invocations"
                        },
                        "meta": {},
                        "tainted": false
                    },
                    "deposed": [],
                    "provider": "provider.aws"
                },
                "aws_api_gateway_method.extract-info": {
                    "type": "aws_api_gateway_method",
                    "depends_on": [
                        "aws_api_gateway_resource.extract-info",
                        "aws_api_gateway_rest_api.rikishis"
                    ],
                    "primary": {
                        "id": "agm-marlvzzwrb-orvc93-GET",
                        "attributes": {
                            "api_key_required": "false",
                            "authorization": "NONE",
                            "authorizer_id": "",
                            "http_method": "GET",
                            "id": "agm-marlvzzwrb-orvc93-GET",
                            "request_models.%": "0",
                            "request_parameters.%": "1",
                            "request_parameters.method.request.header.Access-Control-Allow-Origin": "true",
                            "request_validator_id": "",
                            "resource_id": "orvc93",
                            "rest_api_id": "marlvzzwrb"
                        },
                        "meta": {},
                        "tainted": false
                    },
                    "deposed": [],
                    "provider": "provider.aws"
                },
                "aws_api_gateway_method.rikishis": {
                    "type": "aws_api_gateway_method",
                    "depends_on": [
                        "aws_api_gateway_resource.rikishis",
                        "aws_api_gateway_rest_api.rikishis"
                    ],
                    "primary": {
                        "id": "agm-marlvzzwrb-jwk92v-GET",
                        "attributes": {
                            "api_key_required": "false",
                            "authorization": "NONE",
                            "authorizer_id": "",
                            "http_method": "GET",
                            "id": "agm-marlvzzwrb-jwk92v-GET",
                            "request_models.%": "0",
                            "request_parameters.%": "1",
                            "request_parameters.method.request.header.Access-Control-Allow-Origin": "true",
                            "request_validator_id": "",
                            "resource_id": "jwk92v",
                            "rest_api_id": "marlvzzwrb"
                        },
                        "meta": {},
                        "tainted": false
                    },
                    "deposed": [],
                    "provider": "provider.aws"
                },
                "aws_api_gateway_method_settings.extract-info": {
                    "type": "aws_api_gateway_method_settings",
                    "depends_on": [
                        "aws_api_gateway_method.extract-info",
                        "aws_api_gateway_resource.extract-info",
                        "aws_api_gateway_rest_api.rikishis",
                        "aws_api_gateway_stage.test"
                    ],
                    "primary": {
                        "id": "marlvzzwrb-test-extract-info/GET",
                        "attributes": {
                            "id": "marlvzzwrb-test-extract-info/GET",
                            "method_path": "extract-info/GET",
                            "rest_api_id": "marlvzzwrb",
                            "settings.#": "1",
                            "settings.0.cache_data_encrypted": "false",
                            "settings.0.cache_ttl_in_seconds": "0",
                            "settings.0.caching_enabled": "false",
                            "settings.0.data_trace_enabled": "false",
                            "settings.0.logging_level": "",
                            "settings.0.metrics_enabled": "false",
                            "settings.0.require_authorization_for_cache_control": "false",
                            "settings.0.throttling_burst_limit": "5",
                            "settings.0.throttling_rate_limit": "10",
                            "settings.0.unauthorized_cache_control_header_strategy": "",
                            "stage_name": "test"
                        },
                        "meta": {},
                        "tainted": false
                    },
                    "deposed": [],
                    "provider": "provider.aws"
                },
                "aws_api_gateway_method_settings.rikishis": {
                    "type": "aws_api_gateway_method_settings",
                    "depends_on": [
                        "aws_api_gateway_method.rikishis",
                        "aws_api_gateway_resource.rikishis",
                        "aws_api_gateway_rest_api.rikishis",
                        "aws_api_gateway_stage.test"
                    ],
                    "primary": {
                        "id": "marlvzzwrb-test-rikishis/GET",
                        "attributes": {
                            "id": "marlvzzwrb-test-rikishis/GET",
                            "method_path": "rikishis/GET",
                            "rest_api_id": "marlvzzwrb",
                            "settings.#": "1",
                            "settings.0.cache_data_encrypted": "false",
                            "settings.0.cache_ttl_in_seconds": "0",
                            "settings.0.caching_enabled": "false",
                            "settings.0.data_trace_enabled": "false",
                            "settings.0.logging_level": "",
                            "settings.0.metrics_enabled": "false",
                            "settings.0.require_authorization_for_cache_control": "false",
                            "settings.0.throttling_burst_limit": "5",
                            "settings.0.throttling_rate_limit": "10",
                            "settings.0.unauthorized_cache_control_header_strategy": "",
                            "stage_name": "test"
                        },
                        "meta": {},
                        "tainted": false
                    },
                    "deposed": [],
                    "provider": "provider.aws"
                },
                "aws_api_gateway_resource.extract-info": {
                    "type": "aws_api_gateway_resource",
                    "depends_on": [
                        "aws_api_gateway_rest_api.rikishis"
                    ],
                    "primary": {
                        "id": "orvc93",
                        "attributes": {
                            "id": "orvc93",
                            "parent_id": "4jgwp8ykk0",
                            "path": "/extract-info",
                            "path_part": "extract-info",
                            "rest_api_id": "marlvzzwrb"
                        },
                        "meta": {},
                        "tainted": false
                    },
                    "deposed": [],
                    "provider": "provider.aws"
                },
                "aws_api_gateway_resource.rikishis": {
                    "type": "aws_api_gateway_resource",
                    "depends_on": [
                        "aws_api_gateway_rest_api.rikishis"
                    ],
                    "primary": {
                        "id": "jwk92v",
                        "attributes": {
                            "id": "jwk92v",
                            "parent_id": "4jgwp8ykk0",
                            "path": "/rikishis",
                            "path_part": "rikishis",
                            "rest_api_id": "marlvzzwrb"
                        },
                        "meta": {},
                        "tainted": false
                    },
                    "deposed": [],
                    "provider": "provider.aws"
                },
                "aws_api_gateway_rest_api.rikishis": {
                    "type": "aws_api_gateway_rest_api",
                    "depends_on": [],
                    "primary": {
                        "id": "marlvzzwrb",
                        "attributes": {
                            "binary_media_types.#": "1",
                            "binary_media_types.0": "image/jpeg",
                            "created_date": "2018-03-10T13:52:24Z",
                            "description": "API to get rikishis and extract info",
                            "id": "marlvzzwrb",
                            "name": "Rikishis API",
                            "root_resource_id": "4jgwp8ykk0"
                        },
                        "meta": {},
                        "tainted": false
                    },
                    "deposed": [],
                    "provider": "provider.aws"
                },
                "aws_api_gateway_stage.test": {
                    "type": "aws_api_gateway_stage",
                    "depends_on": [
                        "aws_api_gateway_deployment.rikishis",
                        "aws_api_gateway_rest_api.rikishis"
                    ],
                    "primary": {
                        "id": "ags-marlvzzwrb-test",
                        "attributes": {
                            "cache_cluster_enabled": "false",
                            "cache_cluster_size": "",
                            "client_certificate_id": "",
                            "deployment_id": "yehiag",
                            "description": "For internal tests with low rate limit)",
                            "documentation_version": "",
                            "id": "ags-marlvzzwrb-test",
                            "rest_api_id": "marlvzzwrb",
                            "stage_name": "test",
                            "variables.%": "0"
                        },
                        "meta": {},
                        "tainted": false
                    },
                    "deposed": [],
                    "provider": "provider.aws"
                },
                "aws_cloudwatch_event_rule.every-month": {
                    "type": "aws_cloudwatch_event_rule",
                    "depends_on": [],
                    "primary": {
                        "id": "every-month",
                        "attributes": {
                            "arn": "arn:aws:events:us-west-2:424590257573:rule/every-month",
                            "description": "Trigger refresh every month",
                            "id": "every-month",
                            "is_enabled": "true",
                            "name": "every-month",
                            "role_arn": "",
                            "schedule_expression": "cron(0 0 22 * ? *)"
                        },
                        "meta": {},
                        "tainted": false
                    },
                    "deposed": [],
                    "provider": "provider.aws"
                },
                "aws_cloudwatch_event_target.every-month": {
                    "type": "aws_cloudwatch_event_target",
                    "depends_on": [
                        "aws_cloudwatch_event_rule.every-month",
                        "aws_lambda_function.rikishis-scrap"
                    ],
                    "primary": {
                        "id": "every-month-terraform-20180310135301594000000007",
                        "attributes": {
                            "arn": "arn:aws:lambda:us-west-2:424590257573:function:rikishis-scrap",
                            "id": "every-month-terraform-20180310135301594000000007",
                            "input": "",
                            "input_path": "",
                            "role_arn": "",
                            "rule": "every-month",
                            "target_id": "terraform-20180310135301594000000007"
                        },
                        "meta": {},
                        "tainted": false
                    },
                    "deposed": [],
                    "provider": "provider.aws"
                },
                "aws_cloudwatch_log_group.extract-info-get": {
                    "type": "aws_cloudwatch_log_group",
                    "depends_on": [
                        "aws_lambda_function.extract-info-get"
                    ],
                    "primary": {
                        "id": "/aws/lambda/extract-info-get",
                        "attributes": {
                            "arn": "arn:aws:logs:us-west-2:424590257573:log-group:/aws/lambda/extract-info-get:*",
                            "id": "/aws/lambda/extract-info-get",
                            "kms_key_id": "",
                            "name": "/aws/lambda/extract-info-get",
                            "retention_in_days": "7",
                            "tags.%": "1",
                            "tags.sumo": "get"
                        },
                        "meta": {},
                        "tainted": false
                    },
                    "deposed": [],
                    "provider": "provider.aws"
                },
                "aws_cloudwatch_log_group.rikishi-picture-scrap-": {
                    "type": "aws_cloudwatch_log_group",
                    "depends_on": [
                        "aws_lambda_function.rikishi-picture-scrap"
                    ],
                    "primary": {
                        "id": "/aws/lambda/rikishi-picture-scrap",
                        "attributes": {
                            "arn": "arn:aws:logs:us-west-2:424590257573:log-group:/aws/lambda/rikishi-picture-scrap:*",
                            "id": "/aws/lambda/rikishi-picture-scrap",
                            "kms_key_id": "",
                            "name": "/aws/lambda/rikishi-picture-scrap",
                            "retention_in_days": "60",
                            "tags.%": "1",
                            "tags.sumo": "scrap"
                        },
                        "meta": {},
                        "tainted": false
                    },
                    "deposed": [],
                    "provider": "provider.aws"
                },
                "aws_cloudwatch_log_group.rikishi-scrap": {
                    "type": "aws_cloudwatch_log_group",
                    "depends_on": [
                        "aws_lambda_function.rikishi-scrap"
                    ],
                    "primary": {
                        "id": "/aws/lambda/rikishi-scrap",
                        "attributes": {
                            "arn": "arn:aws:logs:us-west-2:424590257573:log-group:/aws/lambda/rikishi-scrap:*",
                            "id": "/aws/lambda/rikishi-scrap",
                            "kms_key_id": "",
                            "name": "/aws/lambda/rikishi-scrap",
                            "retention_in_days": "60",
                            "tags.%": "1",
                            "tags.sumo": "scrap"
                        },
                        "meta": {},
                        "tainted": false
                    },
                    "deposed": [],
                    "provider": "provider.aws"
                },
                "aws_cloudwatch_log_group.rikishis-get": {
                    "type": "aws_cloudwatch_log_group",
                    "depends_on": [
                        "aws_lambda_function.rikishis-get"
                    ],
                    "primary": {
                        "id": "/aws/lambda/rikishis-get",
                        "attributes": {
                            "arn": "arn:aws:logs:us-west-2:424590257573:log-group:/aws/lambda/rikishis-get:*",
                            "id": "/aws/lambda/rikishis-get",
                            "kms_key_id": "",
                            "name": "/aws/lambda/rikishis-get",
                            "retention_in_days": "7",
                            "tags.%": "1",
                            "tags.sumo": "get"
                        },
                        "meta": {},
                        "tainted": false
                    },
                    "deposed": [],
                    "provider": "provider.aws"
                },
                "aws_cloudwatch_log_group.rikishis-scrap": {
                    "type": "aws_cloudwatch_log_group",
                    "depends_on": [
                        "aws_lambda_function.rikishis-scrap"
                    ],
                    "primary": {
                        "id": "/aws/lambda/rikishis-scrap",
                        "attributes": {
                            "arn": "arn:aws:logs:us-west-2:424590257573:log-group:/aws/lambda/rikishis-scrap:*",
                            "id": "/aws/lambda/rikishis-scrap",
                            "kms_key_id": "",
                            "name": "/aws/lambda/rikishis-scrap",
                            "retention_in_days": "60",
                            "tags.%": "1",
                            "tags.sumo": "scrap"
                        },
                        "meta": {},
                        "tainted": false
                    },
                    "deposed": [],
                    "provider": "provider.aws"
                },
                "aws_dynamodb_table.extractinfo": {
                    "type": "aws_dynamodb_table",
                    "depends_on": [],
                    "primary": {
                        "id": "EXTRACT_INFO",
                        "attributes": {
                            "arn": "arn:aws:dynamodb:us-west-2:424590257573:table/EXTRACT_INFO",
                            "attribute.#": "1",
                            "attribute.4228504427.name": "id",
                            "attribute.4228504427.type": "N",
                            "global_secondary_index.#": "0",
                            "hash_key": "id",
                            "id": "EXTRACT_INFO",
                            "local_secondary_index.#": "0",
                            "name": "EXTRACT_INFO",
                            "read_capacity": "5",
                            "stream_arn": "",
                            "stream_enabled": "false",
                            "stream_label": "",
                            "stream_view_type": "",
                            "tags.%": "1",
                            "tags.sumo": "scrap",
                            "ttl.#": "0",
                            "write_capacity": "5"
                        },
                        "meta": {
                            "e2bfb730-ecaa-11e6-8f88-34363bc7c4c0": {
                                "create": 600000000000,
                                "delete": 600000000000,
                                "update": 600000000000
                            },
                            "schema_version": "1"
                        },
                        "tainted": false
                    },
                    "deposed": [],
                    "provider": "provider.aws"
                },
                "aws_dynamodb_table.rikishis": {
                    "type": "aws_dynamodb_table",
                    "depends_on": [],
                    "primary": {
                        "id": "RIKISHIS",
                        "attributes": {
                            "arn": "arn:aws:dynamodb:us-west-2:424590257573:table/RIKISHIS",
                            "attribute.#": "1",
                            "attribute.4228504427.name": "id",
                            "attribute.4228504427.type": "N",
                            "global_secondary_index.#": "0",
                            "hash_key": "id",
                            "id": "RIKISHIS",
                            "local_secondary_index.#": "0",
                            "name": "RIKISHIS",
                            "read_capacity": "5",
                            "stream_arn": "",
                            "stream_enabled": "false",
                            "stream_label": "",
                            "stream_view_type": "",
                            "tags.%": "1",
                            "tags.sumo": "scrap",
                            "ttl.#": "0",
                            "write_capacity": "5"
                        },
                        "meta": {
                            "e2bfb730-ecaa-11e6-8f88-34363bc7c4c0": {
                                "create": 600000000000,
                                "delete": 600000000000,
                                "update": 600000000000
                            },
                            "schema_version": "1"
                        },
                        "tainted": false
                    },
                    "deposed": [],
                    "provider": "provider.aws"
                },
                "aws_iam_role.api": {
                    "type": "aws_iam_role",
                    "depends_on": [],
                    "primary": {
                        "id": "api",
                        "attributes": {
                            "arn": "arn:aws:iam::424590257573:role/api",
                            "assume_role_policy": "{\"Version\":\"2012-10-17\",\"Statement\":[{\"Sid\":\"\",\"Effect\":\"Allow\",\"Principal\":{\"Service\":\"apigateway.amazonaws.com\"},\"Action\":\"sts:AssumeRole\"}]}",
                            "create_date": "2018-03-10T17:53:57Z",
                            "description": "Role for API to read S3 and Log",
                            "force_detach_policies": "false",
                            "id": "api",
                            "name": "api",
                            "path": "/",
                            "unique_id": "AROAJ5YAR6JIO3KDVKJ7C"
                        },
                        "meta": {},
                        "tainted": false
                    },
                    "deposed": [],
                    "provider": "provider.aws"
                },
                "aws_iam_role.lambdas-api": {
                    "type": "aws_iam_role",
                    "depends_on": [],
                    "primary": {
                        "id": "lambdas-api",
                        "attributes": {
                            "arn": "arn:aws:iam::424590257573:role/lambdas-api",
                            "assume_role_policy": "{\"Version\":\"2012-10-17\",\"Statement\":[{\"Sid\":\"\",\"Effect\":\"Allow\",\"Principal\":{\"Service\":[\"apigateway.amazonaws.com\",\"lambda.amazonaws.com\"]},\"Action\":\"sts:AssumeRole\"}]}",
                            "create_date": "2018-03-10T13:52:23Z",
                            "description": "Role for lambdas used by API Gateway (ReadOnly by the way)",
                            "force_detach_policies": "false",
                            "id": "lambdas-api",
                            "name": "lambdas-api",
                            "path": "/",
                            "unique_id": "AROAI2U3PNSSCJ34WNTSQ"
                        },
                        "meta": {},
                        "tainted": false
                    },
                    "deposed": [],
                    "provider": "provider.aws"
                },
                "aws_iam_role.lambdas-scrap": {
                    "type": "aws_iam_role",
                    "depends_on": [],
                    "primary": {
                        "id": "lambdas-scrap",
                        "attributes": {
                            "arn": "arn:aws:iam::424590257573:role/lambdas-scrap",
                            "assume_role_policy": "{\"Version\":\"2012-10-17\",\"Statement\":[{\"Sid\":\"\",\"Effect\":\"Allow\",\"Principal\":{\"Service\":\"lambda.amazonaws.com\"},\"Action\":\"sts:AssumeRole\"}]}",
                            "create_date": "2018-03-10T13:52:23Z",
                            "description": "Role for lambdas scrapping content",
                            "force_detach_policies": "false",
                            "id": "lambdas-scrap",
                            "name": "lambdas-scrap",
                            "path": "/",
                            "unique_id": "AROAISZGQOMYN5SAH3WNQ"
                        },
                        "meta": {},
                        "tainted": false
                    },
                    "deposed": [],
                    "provider": "provider.aws"
                },
                "aws_iam_role_policy_attachment.api-AmazonS3ReadOnlyAccess": {
                    "type": "aws_iam_role_policy_attachment",
                    "depends_on": [
                        "aws_iam_role.api"
                    ],
                    "primary": {
                        "id": "api-20180310175359088400000004",
                        "attributes": {
                            "id": "api-20180310175359088400000004",
                            "policy_arn": "arn:aws:iam::aws:policy/AmazonS3ReadOnlyAccess",
                            "role": "api"
                        },
                        "meta": {},
                        "tainted": false
                    },
                    "deposed": [],
                    "provider": "provider.aws"
                },
                "aws_iam_role_policy_attachment.api-CloudWatchLogsFullAccess": {
                    "type": "aws_iam_role_policy_attachment",
                    "depends_on": [
                        "aws_iam_role.api"
                    ],
                    "primary": {
                        "id": "api-20180310175359087400000003",
                        "attributes": {
                            "id": "api-20180310175359087400000003",
                            "policy_arn": "arn:aws:iam::aws:policy/CloudWatchLogsFullAccess",
                            "role": "api"
                        },
                        "meta": {},
                        "tainted": false
                    },
                    "deposed": [],
                    "provider": "provider.aws"
                },
                "aws_iam_role_policy_attachment.lambdas-api-AmazonDynamoDBReadOnlyAccess": {
                    "type": "aws_iam_role_policy_attachment",
                    "depends_on": [
                        "aws_iam_role.lambdas-api"
                    ],
                    "primary": {
                        "id": "lambdas-api-20180310175703609600000002",
                        "attributes": {
                            "id": "lambdas-api-20180310175703609600000002",
                            "policy_arn": "arn:aws:iam::aws:policy/AmazonDynamoDBReadOnlyAccess",
                            "role": "lambdas-api"
                        },
                        "meta": {},
                        "tainted": false
                    },
                    "deposed": [],
                    "provider": "provider.aws"
                },
                "aws_iam_role_policy_attachment.lambdas-api-CloudWatchLogsFullAccess": {
                    "type": "aws_iam_role_policy_attachment",
                    "depends_on": [
                        "aws_iam_role.lambdas-api"
                    ],
                    "primary": {
                        "id": "lambdas-api-20180310175703603700000001",
                        "attributes": {
                            "id": "lambdas-api-20180310175703603700000001",
                            "policy_arn": "arn:aws:iam::aws:policy/CloudWatchLogsFullAccess",
                            "role": "lambdas-api"
                        },
                        "meta": {},
                        "tainted": false
                    },
                    "deposed": [],
                    "provider": "provider.aws"
                },
                "aws_iam_role_policy_attachment.lambdas-scrap-role-cloudwatchfullaccess": {
                    "type": "aws_iam_role_policy_attachment",
                    "depends_on": [
                        "aws_iam_role.lambdas-scrap"
                    ],
                    "primary": {
                        "id": "lambdas-scrap-20180310135225804200000004",
                        "attributes": {
                            "id": "lambdas-scrap-20180310135225804200000004",
                            "policy_arn": "arn:aws:iam::aws:policy/CloudWatchLogsFullAccess",
                            "role": "lambdas-scrap"
                        },
                        "meta": {},
                        "tainted": false
                    },
                    "deposed": [],
                    "provider": "provider.aws"
                },
                "aws_iam_role_policy_attachment.lambdas-scrap-role-dynamodbfullaccess": {
                    "type": "aws_iam_role_policy_attachment",
                    "depends_on": [
                        "aws_iam_role.lambdas-scrap"
                    ],
                    "primary": {
                        "id": "lambdas-scrap-20180310135225748600000003",
                        "attributes": {
                            "id": "lambdas-scrap-20180310135225748600000003",
                            "policy_arn": "arn:aws:iam::aws:policy/AmazonDynamoDBFullAccess",
                            "role": "lambdas-scrap"
                        },
                        "meta": {},
                        "tainted": false
                    },
                    "deposed": [],
                    "provider": "provider.aws"
                },
                "aws_iam_role_policy_attachment.lambdas-scrap-role-s3fullaccess": {
                    "type": "aws_iam_role_policy_attachment",
                    "depends_on": [
                        "aws_iam_role.lambdas-scrap"
                    ],
                    "primary": {
                        "id": "lambdas-scrap-20180310135225310600000001",
                        "attributes": {
                            "id": "lambdas-scrap-20180310135225310600000001",
                            "policy_arn": "arn:aws:iam::aws:policy/AmazonS3FullAccess",
                            "role": "lambdas-scrap"
                        },
                        "meta": {},
                        "tainted": false
                    },
                    "deposed": [],
                    "provider": "provider.aws"
                },
                "aws_iam_role_policy_attachment.lambdas-scrap-role-snsfullacess": {
                    "type": "aws_iam_role_policy_attachment",
                    "depends_on": [
                        "aws_iam_role.lambdas-scrap"
                    ],
                    "primary": {
                        "id": "lambdas-scrap-20180310135225328000000002",
                        "attributes": {
                            "id": "lambdas-scrap-20180310135225328000000002",
                            "policy_arn": "arn:aws:iam::aws:policy/AmazonSNSFullAccess",
                            "role": "lambdas-scrap"
                        },
                        "meta": {},
                        "tainted": false
                    },
                    "deposed": [],
                    "provider": "provider.aws"
                },
                "aws_lambda_function.extract-info-get": {
                    "type": "aws_lambda_function",
                    "depends_on": [
                        "aws_iam_role.lambdas-api",
                        "aws_s3_bucket.lambdas",
                        "aws_s3_bucket_object.lambda-extract-info-get-zip"
                    ],
                    "primary": {
                        "id": "extract-info-get",
                        "attributes": {
                            "arn": "arn:aws:lambda:us-west-2:424590257573:function:extract-info-get",
                            "dead_letter_config.#": "0",
                            "description": "Reads Extract info date from DynamoDB",
                            "environment.#": "0",
                            "function_name": "extract-info-get",
                            "handler": "main.handler",
                            "id": "extract-info-get",
                            "invoke_arn": "arn:aws:apigateway:us-west-2:lambda:path/2015-03-31/functions/arn:aws:lambda:us-west-2:424590257573:function:extract-info-get/invocations",
                            "kms_key_arn": "",
                            "last_modified": "2018-03-12T23:45:51.946+0000",
                            "memory_size": "128",
                            "publish": "false",
                            "qualified_arn": "arn:aws:lambda:us-west-2:424590257573:function:extract-info-get:$LATEST",
                            "reserved_concurrent_executions": "0",
                            "role": "arn:aws:iam::424590257573:role/lambdas-api",
                            "runtime": "nodejs6.10",
                            "s3_bucket": "lambdas.sumo.christoff.net",
                            "s3_key": "lambda-extract-info-get",
                            "source_code_hash": "vOGrisBHrikJc6eQkYzA6hHROPGb3MRB/AEDukAZ338=",
                            "tags.%": "1",
                            "tags.sumo": "get",
                            "timeout": "5",
                            "tracing_config.#": "1",
                            "tracing_config.0.mode": "PassThrough",
                            "version": "$LATEST",
                            "vpc_config.#": "0"
                        },
                        "meta": {},
                        "tainted": false
                    },
                    "deposed": [],
                    "provider": "provider.aws"
                },
                "aws_lambda_function.rikishi-picture-scrap": {
                    "type": "aws_lambda_function",
                    "depends_on": [
                        "aws_iam_role.lambdas-scrap",
                        "aws_s3_bucket.lambdas",
                        "aws_s3_bucket.rikishis",
                        "aws_s3_bucket_object.lambda-rikishi-picture-scrap-jar"
                    ],
                    "primary": {
                        "id": "rikishi-picture-scrap",
                        "attributes": {
                            "arn": "arn:aws:lambda:us-west-2:424590257573:function:rikishi-picture-scrap",
                            "dead_letter_config.#": "0",
                            "description": "Triggered by SNS, scrap a rikishi picture to S3",
                            "environment.#": "1",
                            "environment.0.variables.%": "1",
                            "environment.0.variables.bucket": "rikishis.sumo.christoff.net",
                            "function_name": "rikishi-picture-scrap",
                            "handler": "com.christoff.apps.sumolambda.ScrapRikishiPictureLambdaHandler::handleRequest",
                            "id": "rikishi-picture-scrap",
                            "invoke_arn": "arn:aws:apigateway:us-west-2:lambda:path/2015-03-31/functions/arn:aws:lambda:us-west-2:424590257573:function:rikishi-picture-scrap/invocations",
                            "kms_key_arn": "",
                            "last_modified": "2018-03-10T13:52:56.360+0000",
                            "memory_size": "256",
                            "publish": "false",
                            "qualified_arn": "arn:aws:lambda:us-west-2:424590257573:function:rikishi-picture-scrap:$LATEST",
                            "reserved_concurrent_executions": "0",
                            "role": "arn:aws:iam::424590257573:role/lambdas-scrap",
                            "runtime": "java8",
                            "s3_bucket": "lambdas.sumo.christoff.net",
                            "s3_key": "lambda-rikishi-picture-scrap",
                            "source_code_hash": "TWPSS8hJttBzZe1G0ALwCjBF6Vs4zUdJX/YzJx6RYWM=",
                            "tags.%": "1",
                            "tags.sumo": "scrap",
                            "timeout": "90",
                            "tracing_config.#": "1",
                            "tracing_config.0.mode": "PassThrough",
                            "version": "$LATEST",
                            "vpc_config.#": "0"
                        },
                        "meta": {},
                        "tainted": false
                    },
                    "deposed": [],
                    "provider": "provider.aws"
                },
                "aws_lambda_function.rikishi-scrap": {
                    "type": "aws_lambda_function",
                    "depends_on": [
                        "aws_iam_role.lambdas-scrap",
                        "aws_s3_bucket.lambdas",
                        "aws_s3_bucket_object.lambda-rikishi-scrap-jar",
                        "aws_sns_topic.rikishi-create-update-detail",
                        "aws_sns_topic.rikishi-create-update-picture"
                    ],
                    "primary": {
                        "id": "rikishi-scrap",
                        "attributes": {
                            "arn": "arn:aws:lambda:us-west-2:424590257573:function:rikishi-scrap",
                            "dead_letter_config.#": "0",
                            "description": "Triggered by SNS, scrap first rikishi of list. SNS remaining list",
                            "environment.#": "1",
                            "environment.0.variables.%": "2",
                            "environment.0.variables.publishdetailtopic": "arn:aws:sns:us-west-2:424590257573:rikishi-create-update-detail",
                            "environment.0.variables.publishpicturetopic": "arn:aws:sns:us-west-2:424590257573:rikishi-create-update-picture",
                            "function_name": "rikishi-scrap",
                            "handler": "com.christoff.apps.sumolambda.ScrapRikishiLambdaHandler::handleRequest",
                            "id": "rikishi-scrap",
                            "invoke_arn": "arn:aws:apigateway:us-west-2:lambda:path/2015-03-31/functions/arn:aws:lambda:us-west-2:424590257573:function:rikishi-scrap/invocations",
                            "kms_key_arn": "",
                            "last_modified": "2018-03-10T13:53:06.313+0000",
                            "memory_size": "320",
                            "publish": "false",
                            "qualified_arn": "arn:aws:lambda:us-west-2:424590257573:function:rikishi-scrap:$LATEST",
                            "reserved_concurrent_executions": "0",
                            "role": "arn:aws:iam::424590257573:role/lambdas-scrap",
                            "runtime": "java8",
                            "s3_bucket": "lambdas.sumo.christoff.net",
                            "s3_key": "lambda-rikishi-scrap",
                            "source_code_hash": "yoNBddwLzLoV3WnypcE5d+e3wB1xcAK/59szqnqDw+w=",
                            "tags.%": "1",
                            "tags.sumo": "scrap",
                            "timeout": "60",
                            "tracing_config.#": "1",
                            "tracing_config.0.mode": "PassThrough",
                            "version": "$LATEST",
                            "vpc_config.#": "0"
                        },
                        "meta": {},
                        "tainted": false
                    },
                    "deposed": [],
                    "provider": "provider.aws"
                },
                "aws_lambda_function.rikishis-get": {
                    "type": "aws_lambda_function",
                    "depends_on": [
                        "aws_iam_role.lambdas-api",
                        "aws_s3_bucket.lambdas",
                        "aws_s3_bucket_object.lambda-rikishis-get-zip"
                    ],
                    "primary": {
                        "id": "rikishis-get",
                        "attributes": {
                            "arn": "arn:aws:lambda:us-west-2:424590257573:function:rikishis-get",
                            "dead_letter_config.#": "0",
                            "description": "Reads Rikishis from DynamoDB",
                            "environment.#": "0",
                            "function_name": "rikishis-get",
                            "handler": "main.handler",
                            "id": "rikishis-get",
                            "invoke_arn": "arn:aws:apigateway:us-west-2:lambda:path/2015-03-31/functions/arn:aws:lambda:us-west-2:424590257573:function:rikishis-get/invocations",
                            "kms_key_arn": "",
                            "last_modified": "2018-03-13T22:27:41.499+0000",
                            "memory_size": "128",
                            "publish": "false",
                            "qualified_arn": "arn:aws:lambda:us-west-2:424590257573:function:rikishis-get:$LATEST",
                            "reserved_concurrent_executions": "0",
                            "role": "arn:aws:iam::424590257573:role/lambdas-api",
                            "runtime": "nodejs6.10",
                            "s3_bucket": "lambdas.sumo.christoff.net",
                            "s3_key": "rikishis-get",
                            "source_code_hash": "HLZDKI+5UJzN8NqaFuhmRob65dDEE9XjqW8oCnVqq8c=",
                            "tags.%": "1",
                            "tags.sumo": "get",
                            "timeout": "60",
                            "tracing_config.#": "1",
                            "tracing_config.0.mode": "PassThrough",
                            "version": "$LATEST",
                            "vpc_config.#": "0"
                        },
                        "meta": {},
                        "tainted": false
                    },
                    "deposed": [],
                    "provider": "provider.aws"
                },
                "aws_lambda_function.rikishis-scrap": {
                    "type": "aws_lambda_function",
                    "depends_on": [
                        "aws_iam_role.lambdas-scrap",
                        "aws_s3_bucket.lambdas",
                        "aws_s3_bucket_object.lambda-rikishis-scrap-jar",
                        "aws_sns_topic.rikishi-create-update-detail"
                    ],
                    "primary": {
                        "id": "rikishis-scrap",
                        "attributes": {
                            "arn": "arn:aws:lambda:us-west-2:424590257573:function:rikishis-scrap",
                            "dead_letter_config.#": "0",
                            "description": "Scraps the list of rikishis and push to SNS",
                            "environment.#": "1",
                            "environment.0.variables.%": "3",
                            "environment.0.variables.extractInfoOnly": "false",
                            "environment.0.variables.publishdetailtopic": "arn:aws:sns:us-west-2:424590257573:rikishi-create-update-detail",
                            "environment.0.variables.publishpicturetopic": "not_supported_yet",
                            "function_name": "rikishis-scrap",
                            "handler": "com.christoff.apps.sumolambda.ScrapRikishisLambdaHandler::handleRequest",
                            "id": "rikishis-scrap",
                            "invoke_arn": "arn:aws:apigateway:us-west-2:lambda:path/2015-03-31/functions/arn:aws:lambda:us-west-2:424590257573:function:rikishis-scrap/invocations",
                            "kms_key_arn": "",
                            "last_modified": "2018-03-10T13:53:02.432+0000",
                            "memory_size": "256",
                            "publish": "false",
                            "qualified_arn": "arn:aws:lambda:us-west-2:424590257573:function:rikishis-scrap:$LATEST",
                            "reserved_concurrent_executions": "0",
                            "role": "arn:aws:iam::424590257573:role/lambdas-scrap",
                            "runtime": "java8",
                            "s3_bucket": "lambdas.sumo.christoff.net",
                            "s3_key": "lambda-rikishis-scrap",
                            "source_code_hash": "81i/txQlY3mquEIU8wZngBKGAVcEf1Vq2+DxuJCHkm4=",
                            "tags.%": "1",
                            "tags.sumo": "scrap",
                            "timeout": "180",
                            "tracing_config.#": "1",
                            "tracing_config.0.mode": "PassThrough",
                            "version": "$LATEST",
                            "vpc_config.#": "0"
                        },
                        "meta": {},
                        "tainted": false
                    },
                    "deposed": [],
                    "provider": "provider.aws"
                },
                "aws_lambda_permission.allow-api-extract-info-lambda": {
                    "type": "aws_lambda_permission",
                    "depends_on": [
                        "aws_api_gateway_deployment.rikishis",
                        "aws_lambda_function.extract-info-get",
                        "data.aws_caller_identity.current-caller",
                        "data.aws_region.current-region"
                    ],
                    "primary": {
                        "id": "AllowAPIGatewayInvoke",
                        "attributes": {
                            "action": "lambda:InvokeFunction",
                            "function_name": "arn:aws:lambda:us-west-2:424590257573:function:extract-info-get",
                            "id": "AllowAPIGatewayInvoke",
                            "principal": "apigateway.amazonaws.com",
                            "qualifier": "",
                            "source_arn": "arn:aws:execute-api:us-west-2:424590257573:marlvzzwrb/*/GET/extract-info",
                            "statement_id": "AllowAPIGatewayInvoke"
                        },
                        "meta": {},
                        "tainted": false
                    },
                    "deposed": [],
                    "provider": "provider.aws"
                },
                "aws_lambda_permission.allow-api-rikishis-lambda": {
                    "type": "aws_lambda_permission",
                    "depends_on": [
                        "aws_api_gateway_deployment.rikishis",
                        "aws_api_gateway_resource.rikishis",
                        "aws_lambda_function.rikishis-get",
                        "data.aws_caller_identity.current-caller",
                        "data.aws_region.current-region"
                    ],
                    "primary": {
                        "id": "AllowAPIGatewayInvoke",
                        "attributes": {
                            "action": "lambda:InvokeFunction",
                            "function_name": "arn:aws:lambda:us-west-2:424590257573:function:rikishis-get",
                            "id": "AllowAPIGatewayInvoke",
                            "principal": "apigateway.amazonaws.com",
                            "qualifier": "",
                            "source_arn": "arn:aws:execute-api:us-west-2:424590257573:marlvzzwrb/*/GET/rikishis",
                            "statement_id": "AllowAPIGatewayInvoke"
                        },
                        "meta": {},
                        "tainted": false
                    },
                    "deposed": [],
                    "provider": "provider.aws"
                },
                "aws_lambda_permission.allow-cloudwatch-rikishis-scrap-lambda": {
                    "type": "aws_lambda_permission",
                    "depends_on": [
                        "aws_cloudwatch_event_rule.every-month",
                        "aws_lambda_function.rikishis-scrap",
                        "data.aws_caller_identity.current-caller"
                    ],
                    "primary": {
                        "id": "AllowExecutionFromCloudWatch",
                        "attributes": {
                            "action": "lambda:InvokeFunction",
                            "function_name": "rikishis-scrap",
                            "id": "AllowExecutionFromCloudWatch",
                            "principal": "events.amazonaws.com",
                            "qualifier": "",
                            "source_account": "424590257573",
                            "source_arn": "arn:aws:events:us-west-2:424590257573:rule/every-month",
                            "statement_id": "AllowExecutionFromCloudWatch"
                        },
                        "meta": {},
                        "tainted": false
                    },
                    "deposed": [],
                    "provider": "provider.aws"
                },
                "aws_lambda_permission.allow-sns-rikishi-picture-scrap-lambda": {
                    "type": "aws_lambda_permission",
                    "depends_on": [
                        "aws_lambda_function.rikishi-picture-scrap",
                        "aws_sns_topic.rikishi-create-update-picture"
                    ],
                    "primary": {
                        "id": "AllowExecutionFromSNS",
                        "attributes": {
                            "action": "lambda:InvokeFunction",
                            "function_name": "rikishi-picture-scrap",
                            "id": "AllowExecutionFromSNS",
                            "principal": "sns.amazonaws.com",
                            "qualifier": "",
                            "source_arn": "arn:aws:sns:us-west-2:424590257573:rikishi-create-update-picture",
                            "statement_id": "AllowExecutionFromSNS"
                        },
                        "meta": {},
                        "tainted": false
                    },
                    "deposed": [],
                    "provider": "provider.aws"
                },
                "aws_lambda_permission.allow-sns-rikishi-scrap-lambda": {
                    "type": "aws_lambda_permission",
                    "depends_on": [
                        "aws_lambda_function.rikishi-scrap",
                        "aws_sns_topic.rikishi-create-update-detail"
                    ],
                    "primary": {
                        "id": "AllowExecutionFromSNS",
                        "attributes": {
                            "action": "lambda:InvokeFunction",
                            "function_name": "rikishi-scrap",
                            "id": "AllowExecutionFromSNS",
                            "principal": "sns.amazonaws.com",
                            "qualifier": "",
                            "source_arn": "arn:aws:sns:us-west-2:424590257573:rikishi-create-update-detail",
                            "statement_id": "AllowExecutionFromSNS"
                        },
                        "meta": {},
                        "tainted": false
                    },
                    "deposed": [],
                    "provider": "provider.aws"
                },
                "aws_s3_bucket.lambdas": {
                    "type": "aws_s3_bucket",
                    "depends_on": [],
                    "primary": {
                        "id": "lambdas.sumo.christoff.net",
                        "attributes": {
                            "acceleration_status": "",
                            "acl": "private",
                            "arn": "arn:aws:s3:::lambdas.sumo.christoff.net",
                            "bucket": "lambdas.sumo.christoff.net",
                            "bucket_domain_name": "lambdas.sumo.christoff.net.s3.amazonaws.com",
                            "force_destroy": "true",
                            "hosted_zone_id": "Z3BJ6K6RIION7M",
                            "id": "lambdas.sumo.christoff.net",
                            "logging.#": "0",
                            "region": "us-west-2",
                            "replication_configuration.#": "0",
                            "request_payer": "BucketOwner",
                            "server_side_encryption_configuration.#": "0",
                            "tags.%": "0",
                            "versioning.#": "1",
                            "versioning.0.enabled": "false",
                            "versioning.0.mfa_delete": "false",
                            "website.#": "0"
                        },
                        "meta": {},
                        "tainted": false
                    },
                    "deposed": [],
                    "provider": "provider.aws"
                },
                "aws_s3_bucket.rikishis": {
                    "type": "aws_s3_bucket",
                    "depends_on": [],
                    "primary": {
                        "id": "rikishis.sumo.christoff.net",
                        "attributes": {
                            "acceleration_status": "",
                            "acl": "private",
                            "arn": "arn:aws:s3:::rikishis.sumo.christoff.net",
                            "bucket": "rikishis.sumo.christoff.net",
                            "bucket_domain_name": "rikishis.sumo.christoff.net.s3.amazonaws.com",
                            "cors_rule.#": "1",
                            "cors_rule.0.allowed_headers.#": "1",
                            "cors_rule.0.allowed_headers.0": "Authorization",
                            "cors_rule.0.allowed_methods.#": "1",
                            "cors_rule.0.allowed_methods.0": "GET",
                            "cors_rule.0.allowed_origins.#": "1",
                            "cors_rule.0.allowed_origins.0": "*",
                            "cors_rule.0.expose_headers.#": "0",
                            "cors_rule.0.max_age_seconds": "3000",
                            "force_destroy": "true",
                            "hosted_zone_id": "Z3BJ6K6RIION7M",
                            "id": "rikishis.sumo.christoff.net",
                            "logging.#": "0",
                            "region": "us-west-2",
                            "replication_configuration.#": "0",
                            "request_payer": "BucketOwner",
                            "server_side_encryption_configuration.#": "0",
                            "tags.%": "0",
                            "versioning.#": "1",
                            "versioning.0.enabled": "false",
                            "versioning.0.mfa_delete": "false",
                            "website.#": "0"
                        },
                        "meta": {},
                        "tainted": false
                    },
                    "deposed": [],
                    "provider": "provider.aws"
                },
                "aws_s3_bucket_object.lambda-extract-info-get-zip": {
                    "type": "aws_s3_bucket_object",
                    "depends_on": [
                        "aws_s3_bucket.lambdas"
                    ],
                    "primary": {
                        "id": "lambda-extract-info-get",
                        "attributes": {
                            "acl": "private",
                            "bucket": "lambdas.sumo.christoff.net",
                            "cache_control": "",
                            "content_disposition": "",
                            "content_encoding": "",
                            "content_language": "",
                            "content_type": "application/zip",
                            "etag": "19da41a8b00ad0a38504df40c95efa57",
                            "id": "lambda-extract-info-get",
                            "key": "lambda-extract-info-get",
                            "server_side_encryption": "",
                            "source": "../extract-info-get/target/extract-info-get-0.0.1-SNAPSHOT-assembly.zip",
                            "storage_class": "STANDARD",
                            "tags.%": "1",
                            "tags.sumo": "get",
                            "version_id": "",
                            "website_redirect": ""
                        },
                        "meta": {},
                        "tainted": false
                    },
                    "deposed": [],
                    "provider": "provider.aws"
                },
                "aws_s3_bucket_object.lambda-rikishi-picture-scrap-jar": {
                    "type": "aws_s3_bucket_object",
                    "depends_on": [
                        "aws_s3_bucket.lambdas"
                    ],
                    "primary": {
                        "id": "lambda-rikishi-picture-scrap",
                        "attributes": {
                            "acl": "private",
                            "bucket": "lambdas.sumo.christoff.net",
                            "cache_control": "",
                            "content_disposition": "",
                            "content_encoding": "",
                            "content_language": "",
                            "content_type": "application/java-archive",
                            "etag": "6f6b8859a9ad3ae6161b99f8bbf8eea4",
                            "id": "lambda-rikishi-picture-scrap",
                            "key": "lambda-rikishi-picture-scrap",
                            "server_side_encryption": "",
                            "source": "../lambda-rikishi-picture-scrap/target/lambda-rikishi-picture-scrap-0.0.1-SNAPSHOT.jar",
                            "storage_class": "STANDARD",
                            "tags.%": "1",
                            "tags.sumo": "scrap",
                            "version_id": "",
                            "website_redirect": ""
                        },
                        "meta": {},
                        "tainted": false
                    },
                    "deposed": [],
                    "provider": "provider.aws"
                },
                "aws_s3_bucket_object.lambda-rikishi-scrap-jar": {
                    "type": "aws_s3_bucket_object",
                    "depends_on": [
                        "aws_s3_bucket.lambdas"
                    ],
                    "primary": {
                        "id": "lambda-rikishi-scrap",
                        "attributes": {
                            "acl": "private",
                            "bucket": "lambdas.sumo.christoff.net",
                            "cache_control": "",
                            "content_disposition": "",
                            "content_encoding": "",
                            "content_language": "",
                            "content_type": "application/java-archive",
                            "etag": "c2cbb3b558f2d246e8e3e5da99a2d2f5",
                            "id": "lambda-rikishi-scrap",
                            "key": "lambda-rikishi-scrap",
                            "server_side_encryption": "",
                            "source": "../lambda-rikishi-scrap/target/lambda-rikishi-scrap-0.0.1-SNAPSHOT.jar",
                            "storage_class": "STANDARD",
                            "tags.%": "1",
                            "tags.sumo": "scrap",
                            "version_id": "",
                            "website_redirect": ""
                        },
                        "meta": {},
                        "tainted": false
                    },
                    "deposed": [],
                    "provider": "provider.aws"
                },
                "aws_s3_bucket_object.lambda-rikishis-get-zip": {
                    "type": "aws_s3_bucket_object",
                    "depends_on": [
                        "aws_s3_bucket.lambdas"
                    ],
                    "primary": {
                        "id": "rikishis-get",
                        "attributes": {
                            "acl": "private",
                            "bucket": "lambdas.sumo.christoff.net",
                            "cache_control": "",
                            "content_disposition": "",
                            "content_encoding": "",
                            "content_language": "",
                            "content_type": "application/zip",
                            "etag": "5f79db4e035ca771eb6ffb46764fbd9b",
                            "id": "rikishis-get",
                            "key": "rikishis-get",
                            "server_side_encryption": "",
                            "source": "../rikishis-get/target/rikishis-get-0.0.1-SNAPSHOT-assembly.zip",
                            "storage_class": "STANDARD",
                            "tags.%": "1",
                            "tags.sumo": "get",
                            "version_id": "",
                            "website_redirect": ""
                        },
                        "meta": {},
                        "tainted": false
                    },
                    "deposed": [],
                    "provider": "provider.aws"
                },
                "aws_s3_bucket_object.lambda-rikishis-scrap-jar": {
                    "type": "aws_s3_bucket_object",
                    "depends_on": [
                        "aws_s3_bucket.lambdas"
                    ],
                    "primary": {
                        "id": "lambda-rikishis-scrap",
                        "attributes": {
                            "acl": "private",
                            "bucket": "lambdas.sumo.christoff.net",
                            "cache_control": "",
                            "content_disposition": "",
                            "content_encoding": "",
                            "content_language": "",
                            "content_type": "application/java-archive",
                            "etag": "382f6b2aeb34a0824082e77205bcbca7",
                            "id": "lambda-rikishis-scrap",
                            "key": "lambda-rikishis-scrap",
                            "server_side_encryption": "",
                            "source": "../lambda-rikishis-scrap/target/lambda-rikishis-scrap-0.0.1-SNAPSHOT.jar",
                            "storage_class": "STANDARD",
                            "tags.%": "1",
                            "tags.sumo": "scrap",
                            "version_id": "",
                            "website_redirect": ""
                        },
                        "meta": {},
                        "tainted": false
                    },
                    "deposed": [],
                    "provider": "provider.aws"
                },
                "aws_s3_bucket_policy.rikishis": {
                    "type": "aws_s3_bucket_policy",
                    "depends_on": [
                        "aws_s3_bucket.rikishis"
                    ],
                    "primary": {
                        "id": "rikishis.sumo.christoff.net",
                        "attributes": {
                            "bucket": "rikishis.sumo.christoff.net",
                            "id": "rikishis.sumo.christoff.net",
                            "policy": "{\n    \"Version\": \"2008-10-17\",\n    \"Statement\": [\n        {\n            \"Sid\": \"\",\n            \"Effect\": \"Allow\",\n            \"Principal\": {\n                \"AWS\": \"*\"\n            },\n            \"Action\": \"s3:GetObject\",\n            \"Resource\": \"arn:aws:s3:::rikishis.sumo.christoff.net/*.jpg\"\n        }\n    ]\n}\n"
                        },
                        "meta": {},
                        "tainted": false
                    },
                    "deposed": [],
                    "provider": "provider.aws"
                },
                "aws_sns_topic.rikishi-create-update-detail": {
                    "type": "aws_sns_topic",
                    "depends_on": [],
                    "primary": {
                        "id": "arn:aws:sns:us-west-2:424590257573:rikishi-create-update-detail",
                        "attributes": {
                            "application_failure_feedback_role_arn": "",
                            "application_success_feedback_role_arn": "",
                            "application_success_feedback_sample_rate": "0",
                            "arn": "arn:aws:sns:us-west-2:424590257573:rikishi-create-update-detail",
                            "delivery_policy": "",
                            "display_name": "",
                            "http_failure_feedback_role_arn": "",
                            "http_success_feedback_role_arn": "",
                            "http_success_feedback_sample_rate": "0",
                            "id": "arn:aws:sns:us-west-2:424590257573:rikishi-create-update-detail",
                            "lambda_failure_feedback_role_arn": "",
                            "lambda_success_feedback_role_arn": "",
                            "lambda_success_feedback_sample_rate": "0",
                            "name": "rikishi-create-update-detail",
                            "policy": "{\"Version\":\"2008-10-17\",\"Id\":\"__default_policy_ID\",\"Statement\":[{\"Sid\":\"__default_statement_ID\",\"Effect\":\"Allow\",\"Principal\":{\"AWS\":\"*\"},\"Action\":[\"SNS:GetTopicAttributes\",\"SNS:SetTopicAttributes\",\"SNS:AddPermission\",\"SNS:RemovePermission\",\"SNS:DeleteTopic\",\"SNS:Subscribe\",\"SNS:ListSubscriptionsByTopic\",\"SNS:Publish\",\"SNS:Receive\"],\"Resource\":\"arn:aws:sns:us-west-2:424590257573:rikishi-create-update-detail\",\"Condition\":{\"StringEquals\":{\"AWS:SourceOwner\":\"424590257573\"}}}]}",
                            "sqs_failure_feedback_role_arn": "",
                            "sqs_success_feedback_role_arn": "",
                            "sqs_success_feedback_sample_rate": "0"
                        },
                        "meta": {},
                        "tainted": false
                    },
                    "deposed": [],
                    "provider": "provider.aws"
                },
                "aws_sns_topic.rikishi-create-update-picture": {
                    "type": "aws_sns_topic",
                    "depends_on": [],
                    "primary": {
                        "id": "arn:aws:sns:us-west-2:424590257573:rikishi-create-update-picture",
                        "attributes": {
                            "application_failure_feedback_role_arn": "",
                            "application_success_feedback_role_arn": "",
                            "application_success_feedback_sample_rate": "0",
                            "arn": "arn:aws:sns:us-west-2:424590257573:rikishi-create-update-picture",
                            "delivery_policy": "",
                            "display_name": "",
                            "http_failure_feedback_role_arn": "",
                            "http_success_feedback_role_arn": "",
                            "http_success_feedback_sample_rate": "0",
                            "id": "arn:aws:sns:us-west-2:424590257573:rikishi-create-update-picture",
                            "lambda_failure_feedback_role_arn": "",
                            "lambda_success_feedback_role_arn": "",
                            "lambda_success_feedback_sample_rate": "0",
                            "name": "rikishi-create-update-picture",
                            "policy": "{\"Version\":\"2008-10-17\",\"Id\":\"__default_policy_ID\",\"Statement\":[{\"Sid\":\"__default_statement_ID\",\"Effect\":\"Allow\",\"Principal\":{\"AWS\":\"*\"},\"Action\":[\"SNS:GetTopicAttributes\",\"SNS:SetTopicAttributes\",\"SNS:AddPermission\",\"SNS:RemovePermission\",\"SNS:DeleteTopic\",\"SNS:Subscribe\",\"SNS:ListSubscriptionsByTopic\",\"SNS:Publish\",\"SNS:Receive\"],\"Resource\":\"arn:aws:sns:us-west-2:424590257573:rikishi-create-update-picture\",\"Condition\":{\"StringEquals\":{\"AWS:SourceOwner\":\"424590257573\"}}}]}",
                            "sqs_failure_feedback_role_arn": "",
                            "sqs_success_feedback_role_arn": "",
                            "sqs_success_feedback_sample_rate": "0"
                        },
                        "meta": {},
                        "tainted": false
                    },
                    "deposed": [],
                    "provider": "provider.aws"
                },
                "aws_sns_topic_subscription.rikishi-picture-scrap-lambda": {
                    "type": "aws_sns_topic_subscription",
                    "depends_on": [
                        "aws_lambda_function.rikishi-picture-scrap",
                        "aws_sns_topic.rikishi-create-update-picture"
                    ],
                    "primary": {
                        "id": "arn:aws:sns:us-west-2:424590257573:rikishi-create-update-picture:4dac63e7-97dc-4c06-8d91-65d1fcb4bc7b",
                        "attributes": {
                            "arn": "arn:aws:sns:us-west-2:424590257573:rikishi-create-update-picture:4dac63e7-97dc-4c06-8d91-65d1fcb4bc7b",
                            "confirmation_timeout_in_minutes": "1",
                            "endpoint": "arn:aws:lambda:us-west-2:424590257573:function:rikishi-picture-scrap",
                            "endpoint_auto_confirms": "false",
                            "id": "arn:aws:sns:us-west-2:424590257573:rikishi-create-update-picture:4dac63e7-97dc-4c06-8d91-65d1fcb4bc7b",
                            "protocol": "lambda",
                            "raw_message_delivery": "false",
                            "topic_arn": "arn:aws:sns:us-west-2:424590257573:rikishi-create-update-picture"
                        },
                        "meta": {},
                        "tainted": false
                    },
                    "deposed": [],
                    "provider": "provider.aws"
                },
                "aws_sns_topic_subscription.rikishi-scrap-lambda": {
                    "type": "aws_sns_topic_subscription",
                    "depends_on": [
                        "aws_lambda_function.rikishi-scrap",
                        "aws_sns_topic.rikishi-create-update-detail"
                    ],
                    "primary": {
                        "id": "arn:aws:sns:us-west-2:424590257573:rikishi-create-update-detail:122bec29-cab1-4dc9-b7ad-b10242efc0f5",
                        "attributes": {
                            "arn": "arn:aws:sns:us-west-2:424590257573:rikishi-create-update-detail:122bec29-cab1-4dc9-b7ad-b10242efc0f5",
                            "confirmation_timeout_in_minutes": "1",
                            "endpoint": "arn:aws:lambda:us-west-2:424590257573:function:rikishi-scrap",
                            "endpoint_auto_confirms": "false",
                            "id": "arn:aws:sns:us-west-2:424590257573:rikishi-create-update-detail:122bec29-cab1-4dc9-b7ad-b10242efc0f5",
                            "protocol": "lambda",
                            "raw_message_delivery": "false",
                            "topic_arn": "arn:aws:sns:us-west-2:424590257573:rikishi-create-update-detail"
                        },
                        "meta": {},
                        "tainted": false
                    },
                    "deposed": [],
                    "provider": "provider.aws"
                },
                "data.aws_caller_identity.current-caller": {
                    "type": "aws_caller_identity",
                    "depends_on": [],
                    "primary": {
                        "id": "2018-03-17 21:27:03.99308737 +0000 UTC",
                        "attributes": {
                            "account_id": "424590257573",
                            "arn": "arn:aws:iam::424590257573:user/admchristophe",
                            "id": "2018-03-17 21:27:03.99308737 +0000 UTC",
                            "user_id": "AIDAIEAHSPQK4LPAL77K6"
                        },
                        "meta": {},
                        "tainted": false
                    },
                    "deposed": [],
                    "provider": "provider.aws"
                },
                "data.aws_region.current-region": {
                    "type": "aws_region",
                    "depends_on": [],
                    "primary": {
                        "id": "us-west-2",
                        "attributes": {
                            "current": "true",
                            "endpoint": "ec2.us-west-2.amazonaws.com",
                            "id": "us-west-2",
                            "name": "us-west-2"
                        },
                        "meta": {},
                        "tainted": false
                    },
                    "deposed": [],
                    "provider": "provider.aws"
                }
            },
            "depends_on": []
        },
        {
            "path": [
                "root",
                "cors-extract-info"
            ],
            "outputs": {},
            "resources": {
                "aws_api_gateway_integration.ResourceOptionsIntegration": {
                    "type": "aws_api_gateway_integration",
                    "depends_on": [
                        "aws_api_gateway_method.ResourceOptions"
                    ],
                    "primary": {
                        "id": "agi-marlvzzwrb-orvc93-OPTIONS",
                        "attributes": {
                            "cache_key_parameters.#": "0",
                            "cache_namespace": "orvc93",
                            "http_method": "OPTIONS",
                            "id": "agi-marlvzzwrb-orvc93-OPTIONS",
                            "passthrough_behavior": "WHEN_NO_MATCH",
                            "request_parameters.%": "0",
                            "request_templates.%": "1",
                            "request_templates.application/json": "{ \"statusCode\": 200 }\n",
                            "resource_id": "orvc93",
                            "rest_api_id": "marlvzzwrb",
                            "type": "MOCK"
                        },
                        "meta": {},
                        "tainted": false
                    },
                    "deposed": [],
                    "provider": "provider.aws"
                },
                "aws_api_gateway_integration_response.ResourceOptionsIntegrationResponse": {
                    "type": "aws_api_gateway_integration_response",
                    "depends_on": [
                        "aws_api_gateway_integration.ResourceOptionsIntegration",
                        "aws_api_gateway_method.ResourceOptions"
                    ],
                    "primary": {
                        "id": "agir-marlvzzwrb-orvc93-OPTIONS-200",
                        "attributes": {
                            "http_method": "OPTIONS",
                            "id": "agir-marlvzzwrb-orvc93-OPTIONS-200",
                            "resource_id": "orvc93",
                            "response_parameters.%": "3",
                            "response_parameters.method.response.header.Access-Control-Allow-Headers": "'Content-Type,X-Amz-Date,Authorization,X-Api-Key,X-Amz-Security-Token'",
                            "response_parameters.method.response.header.Access-Control-Allow-Methods": "'POST,OPTIONS,GET,PUT,PATCH,DELETE'",
                            "response_parameters.method.response.header.Access-Control-Allow-Origin": "'*'",
                            "response_templates.%": "0",
                            "rest_api_id": "marlvzzwrb",
                            "selection_pattern": "",
                            "status_code": "200"
                        },
                        "meta": {},
                        "tainted": false
                    },
                    "deposed": [],
                    "provider": "provider.aws"
                },
                "aws_api_gateway_method.ResourceOptions": {
                    "type": "aws_api_gateway_method",
                    "depends_on": [],
                    "primary": {
                        "id": "agm-marlvzzwrb-orvc93-OPTIONS",
                        "attributes": {
                            "api_key_required": "false",
                            "authorization": "NONE",
                            "authorizer_id": "",
                            "http_method": "OPTIONS",
                            "id": "agm-marlvzzwrb-orvc93-OPTIONS",
                            "request_models.%": "0",
                            "request_parameters.%": "0",
                            "request_validator_id": "",
                            "resource_id": "orvc93",
                            "rest_api_id": "marlvzzwrb"
                        },
                        "meta": {},
                        "tainted": false
                    },
                    "deposed": [],
                    "provider": "provider.aws"
                },
                "aws_api_gateway_method_response.ResourceOptions200": {
                    "type": "aws_api_gateway_method_response",
                    "depends_on": [
                        "aws_api_gateway_method.ResourceOptions"
                    ],
                    "primary": {
                        "id": "agmr-marlvzzwrb-orvc93-OPTIONS-200",
                        "attributes": {
                            "http_method": "OPTIONS",
                            "id": "agmr-marlvzzwrb-orvc93-OPTIONS-200",
                            "resource_id": "orvc93",
                            "response_models.%": "1",
                            "response_models.application/json": "Empty",
                            "response_parameters.%": "3",
                            "response_parameters.method.response.header.Access-Control-Allow-Headers": "true",
                            "response_parameters.method.response.header.Access-Control-Allow-Methods": "true",
                            "response_parameters.method.response.header.Access-Control-Allow-Origin": "true",
                            "rest_api_id": "marlvzzwrb",
                            "status_code": "200"
                        },
                        "meta": {},
                        "tainted": false
                    },
                    "deposed": [],
                    "provider": "provider.aws"
                }
            },
            "depends_on": []
        },
        {
            "path": [
                "root",
                "cors-rikishis"
            ],
            "outputs": {},
            "resources": {
                "aws_api_gateway_integration.ResourceOptionsIntegration": {
                    "type": "aws_api_gateway_integration",
                    "depends_on": [
                        "aws_api_gateway_method.ResourceOptions"
                    ],
                    "primary": {
                        "id": "agi-marlvzzwrb-jwk92v-OPTIONS",
                        "attributes": {
                            "cache_key_parameters.#": "0",
                            "cache_namespace": "jwk92v",
                            "http_method": "OPTIONS",
                            "id": "agi-marlvzzwrb-jwk92v-OPTIONS",
                            "passthrough_behavior": "WHEN_NO_MATCH",
                            "request_parameters.%": "0",
                            "request_templates.%": "1",
                            "request_templates.application/json": "{ \"statusCode\": 200 }\n",
                            "resource_id": "jwk92v",
                            "rest_api_id": "marlvzzwrb",
                            "type": "MOCK"
                        },
                        "meta": {},
                        "tainted": false
                    },
                    "deposed": [],
                    "provider": "provider.aws"
                },
                "aws_api_gateway_integration_response.ResourceOptionsIntegrationResponse": {
                    "type": "aws_api_gateway_integration_response",
                    "depends_on": [
                        "aws_api_gateway_integration.ResourceOptionsIntegration",
                        "aws_api_gateway_method.ResourceOptions"
                    ],
                    "primary": {
                        "id": "agir-marlvzzwrb-jwk92v-OPTIONS-200",
                        "attributes": {
                            "http_method": "OPTIONS",
                            "id": "agir-marlvzzwrb-jwk92v-OPTIONS-200",
                            "resource_id": "jwk92v",
                            "response_parameters.%": "3",
                            "response_parameters.method.response.header.Access-Control-Allow-Headers": "'Content-Type,X-Amz-Date,Authorization,X-Api-Key,X-Amz-Security-Token'",
                            "response_parameters.method.response.header.Access-Control-Allow-Methods": "'POST,OPTIONS,GET,PUT,PATCH,DELETE'",
                            "response_parameters.method.response.header.Access-Control-Allow-Origin": "'*'",
                            "response_templates.%": "0",
                            "rest_api_id": "marlvzzwrb",
                            "selection_pattern": "",
                            "status_code": "200"
                        },
                        "meta": {},
                        "tainted": false
                    },
                    "deposed": [],
                    "provider": "provider.aws"
                },
                "aws_api_gateway_method.ResourceOptions": {
                    "type": "aws_api_gateway_method",
                    "depends_on": [],
                    "primary": {
                        "id": "agm-marlvzzwrb-jwk92v-OPTIONS",
                        "attributes": {
                            "api_key_required": "false",
                            "authorization": "NONE",
                            "authorizer_id": "",
                            "http_method": "OPTIONS",
                            "id": "agm-marlvzzwrb-jwk92v-OPTIONS",
                            "request_models.%": "0",
                            "request_parameters.%": "0",
                            "request_validator_id": "",
                            "resource_id": "jwk92v",
                            "rest_api_id": "marlvzzwrb"
                        },
                        "meta": {},
                        "tainted": false
                    },
                    "deposed": [],
                    "provider": "provider.aws"
                },
                "aws_api_gateway_method_response.ResourceOptions200": {
                    "type": "aws_api_gateway_method_response",
                    "depends_on": [
                        "aws_api_gateway_method.ResourceOptions"
                    ],
                    "primary": {
                        "id": "agmr-marlvzzwrb-jwk92v-OPTIONS-200",
                        "attributes": {
                            "http_method": "OPTIONS",
                            "id": "agmr-marlvzzwrb-jwk92v-OPTIONS-200",
                            "resource_id": "jwk92v",
                            "response_models.%": "1",
                            "response_models.application/json": "Empty",
                            "response_parameters.%": "3",
                            "response_parameters.method.response.header.Access-Control-Allow-Headers": "true",
                            "response_parameters.method.response.header.Access-Control-Allow-Methods": "true",
                            "response_parameters.method.response.header.Access-Control-Allow-Origin": "true",
                            "rest_api_id": "marlvzzwrb",
                            "status_code": "200"
                        },
                        "meta": {},
                        "tainted": false
                    },
                    "deposed": [],
                    "provider": "provider.aws"
                }
            },
            "depends_on": []
        }
    ]
}
